
Microsoft Visual Studio Solution File, Format Version 12.00
Project("{FAE04EC0-301F-11D3-BF4B-00C04F79EFBC}") = "Paginator.Avalonia.Test", "Paginator.Avalonia.Test\Paginator.Avalonia.Test.csproj", "{52112054-068D-421F-AE72-3D63EAC20A26}"
EndProject
Project("{FAE04EC0-301F-11D3-BF4B-00C04F79EFBC}") = "Paginator.Avalonia", "Paginator.Avalonia\Paginator.Avalonia.csproj", "{B1F843E7-F110-4175-96A5-B24266AB9544}"
EndProject
Global
	GlobalSection(SolutionConfigurationPlatforms) = preSolution
		Debug|Any CPU = Debug|Any CPU
		Release|Any CPU = Release|Any CPU
	EndGlobalSection
	GlobalSection(ProjectConfigurationPlatforms) = postSolution
		{52112054-068D-421F-AE72-3D63EAC20A26}.Debug|Any CPU.ActiveCfg = Debug|Any CPU
		{52112054-068D-421F-AE72-3D63EAC20A26}.Debug|Any CPU.Build.0 = Debug|Any CPU
		{52112054-068D-421F-AE72-3D63EAC20A26}.Release|Any CPU.ActiveCfg = Release|Any CPU
		{52112054-068D-421F-AE72-3D63EAC20A26}.Release|Any CPU.Build.0 = Release|Any CPU
		{B1F843E7-F110-4175-96A5-B24266AB9544}.Debug|Any CPU.ActiveCfg = Debug|Any CPU
		{B1F843E7-F110-4175-96A5-B24266AB9544}.Debug|Any CPU.Build.0 = Debug|Any CPU
		{B1F843E7-F110-4175-96A5-B24266AB9544}.Release|Any CPU.ActiveCfg = Release|Any CPU
		{B1F843E7-F110-4175-96A5-B24266AB9544}.Release|Any CPU.Build.0 = Release|Any CPU
	EndGlobalSection
EndGlobal
